
Microsoft Visual Studio Solution File, Format Version 12.00
# Visual Studio Version 16
VisualStudioVersion = 16.0.31205.134
MinimumVisualStudioVersion = 10.0.40219.1
Project("{8BC9CEB8-8B4A-11D0-8D11-00A0C91BC942}") = "Project1", "Project1\Project1.vcxproj", "{CCF2B95D-CCA0-431C-8B51-984D6A78FC53}"
EndProject
Global
	GlobalSection(SolutionConfigurationPlatforms) = preSolution
		Debug|x64 = Debug|x64
		Debug|x86 = Debug|x86
		Release|x64 = Release|x64
		Release|x86 = Release|x86
	EndGlobalSection
	GlobalSection(ProjectConfigurationPlatforms) = postSolution
		{CCF2B95D-CCA0-431C-8B51-984D6A78FC53}.Debug|x64.ActiveCfg = Debug|x64
		{CCF2B95D-CCA0-431C-8B51-984D6A78FC53}.Debug|x64.Build.0 = Debug|x64
		{CCF2B95D-CCA0-431C-8B51-984D6A78FC53}.Debug|x86.ActiveCfg = Debug|Win32
		{CCF2B95D-CCA0-431C-8B51-984D6A78FC53}.Debug|x86.Build.0 = Debug|Win32
		{CCF2B95D-CCA0-431C-8B51-984D6A78FC53}.Release|x64.ActiveCfg = Release|x64
		{CCF2B95D-CCA0-431C-8B51-984D6A78FC53}.Release|x64.Build.0 = Release|x64
		{CCF2B95D-CCA0-431C-8B51-984D6A78FC53}.Release|x86.ActiveCfg = Release|Win32
		{CCF2B95D-CCA0-431C-8B51-984D6A78FC53}.Release|x86.Build.0 = Release|Win32
	EndGlobalSection
	GlobalSection(SolutionProperties) = preSolution
		HideSolutionNode = FALSE
	EndGlobalSection
	GlobalSection(ExtensibilityGlobals) = postSolution
		SolutionGuid = {1A71784A-0EE4-4D71-966B-11BDFC007BD4}
	EndGlobalSection
EndGlobal
